
Microsoft Visual Studio Solution File, Format Version 12.00
# Visual Studio Version 17
VisualStudioVersion = 17.14.37027.9
MinimumVisualStudioVersion = 10.0.40219.1
Project("{FAE04EC0-301F-11D3-BF4B-00C04F79EFBC}") = "EscClosesLetters", "EscClosesLetters.csproj", "{20C5D178-AD99-CCA5-A364-F45168C208C9}"
EndProject
Global
	GlobalSection(SolutionConfigurationPlatforms) = preSolution
		Debug|Any CPU = Debug|Any CPU
		Release|Any CPU = Release|Any CPU
	EndGlobalSection
	GlobalSection(ProjectConfigurationPlatforms) = postSolution
		{20C5D178-AD99-CCA5-A364-F45168C208C9}.Debug|Any CPU.ActiveCfg = Debug|Any CPU
		{20C5D178-AD99-CCA5-A364-F45168C208C9}.Debug|Any CPU.Build.0 = Debug|Any CPU
		{20C5D178-AD99-CCA5-A364-F45168C208C9}.Release|Any CPU.ActiveCfg = Release|Any CPU
		{20C5D178-AD99-CCA5-A364-F45168C208C9}.Release|Any CPU.Build.0 = Release|Any CPU
	EndGlobalSection
	GlobalSection(SolutionProperties) = preSolution
		HideSolutionNode = FALSE
	EndGlobalSection
	GlobalSection(ExtensibilityGlobals) = postSolution
		SolutionGuid = {3816494C-6B17-444A-8CFA-136CABBD327C}
	EndGlobalSection
EndGlobal
